# This file is automatically @generated by Cargo.
# It is not intended for manual editing.
version = 4

[[package]]
name = "adler2"
version = "2.0.1"
source = "registry+https://github.com/rust-lang/crates.io-index"
checksum = "320119579fcad9c21884f5c4861d16174d0e06250625266f50fe6898340abefa"

[[package]]
name = "bndr-abi"
version = "0.1.0"

[[package]]
name = "bndr-androidbox"
version = "0.1.0"
dependencies = [
 "bndr-sm",
 "miniz_oxide",
]

[[package]]
name = "bndr-appdata"
version = "0.1.0"

[[package]]
name = "bndr-compositor"
version = "0.1.0"
dependencies = [
 "bndr-ui",
]

[[package]]
name = "bndr-elf"
version = "0.1.0"

[[package]]
name = "bndr-input"
version = "0.1.0"
dependencies = [
 "bndr-abi",
 "bndr-ui",
]

[[package]]
name = "bndr-package-store"
version = "0.1.0"
dependencies = [
 "bndr-sm",
]

[[package]]
name = "bndr-sm"
version = "0.1.0"
dependencies = [
 "bndr-abi",
]

[[package]]
name = "bndr-storage"
version = "0.1.0"

[[package]]
name = "bndr-ui"
version = "0.1.0"

[[package]]
name = "bndroid-init"
version = "0.1.0"
dependencies = [
 "bndr-abi",
 "bndr-androidbox",
 "bndr-appdata",
 "bndr-compositor",
 "bndr-input",
 "bndr-sm",
 "bndr-storage",
 "bndr-ui",
]

[[package]]
name = "bndroid-kernel"
version = "0.1.0"
dependencies = [
 "bndr-abi",
 "bndr-androidbox",
 "bndr-appdata",
 "bndr-elf",
 "bndr-input",
 "bndr-package-store",
 "bndr-sm",
 "bndr-ui",
]

[[package]]
name = "miniz_oxide"
version = "0.8.9"
source = "registry+https://github.com/rust-lang/crates.io-index"
checksum = "1fa76a2c86f704bdb222d66965fb3d63269ce38518b83cb0575fca855ebb6316"
dependencies = [
 "adler2",
]
